
Microsoft Visual Studio Solution File, Format Version 12.00
# Visual Studio Version 16
VisualStudioVersion = 16.0.31624.102
MinimumVisualStudioVersion = 10.0.40219.1
Project("{FAE04EC0-301F-11D3-BF4B-00C04F79EFBC}") = "eander17Battleship", "eander17Battleship\eander17Battleship.csproj", "{5CC4AA3A-461D-4166-8A07-97A047ECC072}"
EndProject
Global
	GlobalSection(SolutionConfigurationPlatforms) = preSolution
		Debug|Any CPU = Debug|Any CPU
		Release|Any CPU = Release|Any CPU
	EndGlobalSection
	GlobalSection(ProjectConfigurationPlatforms) = postSolution
		{5CC4AA3A-461D-4166-8A07-97A047ECC072}.Debug|Any CPU.ActiveCfg = Debug|Any CPU
		{5CC4AA3A-461D-4166-8A07-97A047ECC072}.Debug|Any CPU.Build.0 = Debug|Any CPU
		{5CC4AA3A-461D-4166-8A07-97A047ECC072}.Release|Any CPU.ActiveCfg = Release|Any CPU
		{5CC4AA3A-461D-4166-8A07-97A047ECC072}.Release|Any CPU.Build.0 = Release|Any CPU
	EndGlobalSection
	GlobalSection(SolutionProperties) = preSolution
		HideSolutionNode = FALSE
	EndGlobalSection
	GlobalSection(ExtensibilityGlobals) = postSolution
		SolutionGuid = {2FB449A1-A842-4F04-B0CB-FDF457BAF992}
	EndGlobalSection
EndGlobal
